
Microsoft Visual Studio Solution File, Format Version 12.00
# Visual Studio Version 17
VisualStudioVersion = 17.11.35327.3
MinimumVisualStudioVersion = 10.0.40219.1
Project("{9A19103F-16F7-4668-BE54-9A1E7A4F7556}") = "Eticaret.Prj", "Eticaret.Prj\Eticaret.Prj.csproj", "{80E3F3C6-415F-4A1C-9259-EC82350B9D09}"
EndProject
Global
	GlobalSection(SolutionConfigurationPlatforms) = preSolution
		Debug|Any CPU = Debug|Any CPU
		Release|Any CPU = Release|Any CPU
	EndGlobalSection
	GlobalSection(ProjectConfigurationPlatforms) = postSolution
		{80E3F3C6-415F-4A1C-9259-EC82350B9D09}.Debug|Any CPU.ActiveCfg = Debug|Any CPU
		{80E3F3C6-415F-4A1C-9259-EC82350B9D09}.Debug|Any CPU.Build.0 = Debug|Any CPU
		{80E3F3C6-415F-4A1C-9259-EC82350B9D09}.Release|Any CPU.ActiveCfg = Release|Any CPU
		{80E3F3C6-415F-4A1C-9259-EC82350B9D09}.Release|Any CPU.Build.0 = Release|Any CPU
	EndGlobalSection
	GlobalSection(SolutionProperties) = preSolution
		HideSolutionNode = FALSE
	EndGlobalSection
	GlobalSection(ExtensibilityGlobals) = postSolution
		SolutionGuid = {58C6181F-4801-48C4-912A-230A008CA871}
	EndGlobalSection
EndGlobal
